
Microsoft Visual Studio Solution File, Format Version 12.00
# Visual Studio Version 16
VisualStudioVersion = 16.0.31205.134
MinimumVisualStudioVersion = 10.0.40219.1
Project("{FAE04EC0-301F-11D3-BF4B-00C04F79EFBC}") = "NotificationService", "NotificationService\NotificationService.csproj", "{072580F7-1088-4E13-A097-4BE41F66C30F}"
EndProject
Global
	GlobalSection(SolutionConfigurationPlatforms) = preSolution
		Debug|Any CPU = Debug|Any CPU
		Release|Any CPU = Release|Any CPU
	EndGlobalSection
	GlobalSection(ProjectConfigurationPlatforms) = postSolution
		{072580F7-1088-4E13-A097-4BE41F66C30F}.Debug|Any CPU.ActiveCfg = Debug|Any CPU
		{072580F7-1088-4E13-A097-4BE41F66C30F}.Debug|Any CPU.Build.0 = Debug|Any CPU
		{072580F7-1088-4E13-A097-4BE41F66C30F}.Release|Any CPU.ActiveCfg = Release|Any CPU
		{072580F7-1088-4E13-A097-4BE41F66C30F}.Release|Any CPU.Build.0 = Release|Any CPU
	EndGlobalSection
	GlobalSection(SolutionProperties) = preSolution
		HideSolutionNode = FALSE
	EndGlobalSection
	GlobalSection(ExtensibilityGlobals) = postSolution
		SolutionGuid = {5BFD2DAA-A880-4706-BDF2-4E7BA6D07DA7}
	EndGlobalSection
EndGlobal
